{
  "requires": true,
  "lockfileVersion": 1,
  "dependencies": {
    "mmarinovic-ethereumisc": {
      "version": "1.0.0",
      "resolved": "https://registry.npmjs.org/mmarinovic-ethereumisc/-/mmarinovic-ethereumisc-1.0.0.tgz",
      "integrity": "sha512-/zhmIXIxsx1TuA/XyDM2RcnD9/E+EbgCObwbxJaq7WxCcd0r7Wy/fcGSkb6tGxDTDsvtK3DEdw2/cPhNt9B7PQ=="
    }
  }
}
